// !$*UTF8*$!
{
	archiveVersion = 1;
	classes = {
	};
	objectVersion = 46;
	objects = {

/* Begin PBXBuildFile section */
		7DCFE99C1D1E8AE000EDF7C3 /* Camera.cpp in Sources */ = {isa = PBXBuildFile; fileRef = 7DCFE9881D1E8AE000EDF7C3 /* Camera.cpp */; };
		7DCFE99D1D1E8AE000EDF7C3 /* Cube.cpp in Sources */ = {isa = PBXBuildFile; fileRef = 7DCFE9891D1E8AE000EDF7C3 /* Cube.cpp */; };
		7DCFE99E1D1E8AE000EDF7C3 /* Entity.cpp in Sources */ = {isa = PBXBuildFile; fileRef = 7DCFE98A1D1E8AE000EDF7C3 /* Entity.cpp */; };
		7DCFE99F1D1E8AE000EDF7C3 /* label.cpp in Sources */ = {isa = PBXBuildFile; fileRef = 7DCFE98B1D1E8AE000EDF7C3 /* label.cpp */; };
		7DCFE9A01D1E8AE000EDF7C3 /* main.cpp in Sources */ = {isa = PBXBuildFile; fileRef = 7DCFE98C1D1E8AE000EDF7C3 /* main.cpp */; };
		7DCFE9A11D1E8AE000EDF7C3 /* Material.cpp in Sources */ = {isa = PBXBuildFile; fileRef = 7DCFE98D1D1E8AE000EDF7C3 /* Material.cpp */; };
		7DCFE9A21D1E8AE000EDF7C3 /* Matrix.cpp in Sources */ = {isa = PBXBuildFile; fileRef = 7DCFE98E1D1E8AE000EDF7C3 /* Matrix.cpp */; };
		7DCFE9A31D1E8AE000EDF7C3 /* Mesh.cpp in Sources */ = {isa = PBXBuildFile; fileRef = 7DCFE98F1D1E8AE000EDF7C3 /* Mesh.cpp */; };
		7DCFE9A41D1E8AE000EDF7C3 /* MovableObject.cpp in Sources */ = {isa = PBXBuildFile; fileRef = 7DCFE9901D1E8AE000EDF7C3 /* MovableObject.cpp */; };
		7DCFE9A51D1E8AE000EDF7C3 /* Node.cpp in Sources */ = {isa = PBXBuildFile; fileRef = 7DCFE9911D1E8AE000EDF7C3 /* Node.cpp */; };
		7DCFE9A61D1E8AE000EDF7C3 /* Object.cpp in Sources */ = {isa = PBXBuildFile; fileRef = 7DCFE9921D1E8AE000EDF7C3 /* Object.cpp */; };
		7DCFE9A71D1E8AE000EDF7C3 /* ObjLoader.cpp in Sources */ = {isa = PBXBuildFile; fileRef = 7DCFE9931D1E8AE000EDF7C3 /* ObjLoader.cpp */; };
		7DCFE9A81D1E8AE000EDF7C3 /* Plane.cpp in Sources */ = {isa = PBXBuildFile; fileRef = 7DCFE9941D1E8AE000EDF7C3 /* Plane.cpp */; };
		7DCFE9A91D1E8AE000EDF7C3 /* Polygone.cpp in Sources */ = {isa = PBXBuildFile; fileRef = 7DCFE9951D1E8AE000EDF7C3 /* Polygone.cpp */; };
		7DCFE9AA1D1E8AE000EDF7C3 /* Render.cpp in Sources */ = {isa = PBXBuildFile; fileRef = 7DCFE9961D1E8AE000EDF7C3 /* Render.cpp */; };
		7DCFE9AB1D1E8AE000EDF7C3 /* Screen.cpp in Sources */ = {isa = PBXBuildFile; fileRef = 7DCFE9971D1E8AE000EDF7C3 /* Screen.cpp */; };
		7DCFE9AC1D1E8AE000EDF7C3 /* ScreenOpenCV.cpp in Sources */ = {isa = PBXBuildFile; fileRef = 7DCFE9981D1E8AE000EDF7C3 /* ScreenOpenCV.cpp */; };
		7DCFE9AD1D1E8AE000EDF7C3 /* ScreenSFML.cpp in Sources */ = {isa = PBXBuildFile; fileRef = 7DCFE9991D1E8AE000EDF7C3 /* ScreenSFML.cpp */; };
		7DCFE9AE1D1E8AE000EDF7C3 /* Sphere.cpp in Sources */ = {isa = PBXBuildFile; fileRef = 7DCFE99A1D1E8AE000EDF7C3 /* Sphere.cpp */; };
		7DCFE9AF1D1E8AE000EDF7C3 /* Vector4.cpp in Sources */ = {isa = PBXBuildFile; fileRef = 7DCFE99B1D1E8AE000EDF7C3 /* Vector4.cpp */; };
/* End PBXBuildFile section */

/* Begin PBXFileReference section */
		7DCFE9361D1E82BD00EDF7C3 /* E3D_ENGINE_MAC */ = {isa = PBXFileReference; explicitFileType = "compiled.mach-o.executable"; includeInIndex = 0; path = E3D_ENGINE_MAC; sourceTree = BUILT_PRODUCTS_DIR; };
		7DCFE9851D1E8A6900EDF7C3 /* src */ = {isa = PBXFileReference; lastKnownFileType = folder; path = src; sourceTree = "<group>"; };
		7DCFE9861D1E8A7900EDF7C3 /* header */ = {isa = PBXFileReference; lastKnownFileType = folder; path = header; sourceTree = "<group>"; };
		7DCFE9871D1E8A8700EDF7C3 /* rsc */ = {isa = PBXFileReference; lastKnownFileType = folder; path = rsc; sourceTree = "<group>"; };
		7DCFE9881D1E8AE000EDF7C3 /* Camera.cpp */ = {isa = PBXFileReference; fileEncoding = 4; lastKnownFileType = sourcecode.cpp.cpp; name = Camera.cpp; path = src/Camera.cpp; sourceTree = "<group>"; };
		7DCFE9891D1E8AE000EDF7C3 /* Cube.cpp */ = {isa = PBXFileReference; fileEncoding = 4; lastKnownFileType = sourcecode.cpp.cpp; name = Cube.cpp; path = src/Cube.cpp; sourceTree = "<group>"; };
		7DCFE98A1D1E8AE000EDF7C3 /* Entity.cpp */ = {isa = PBXFileReference; fileEncoding = 4; lastKnownFileType = sourcecode.cpp.cpp; name = Entity.cpp; path = src/Entity.cpp; sourceTree = "<group>"; };
		7DCFE98B1D1E8AE000EDF7C3 /* label.cpp */ = {isa = PBXFileReference; fileEncoding = 4; lastKnownFileType = sourcecode.cpp.cpp; name = label.cpp; path = src/label.cpp; sourceTree = "<group>"; };
		7DCFE98C1D1E8AE000EDF7C3 /* main.cpp */ = {isa = PBXFileReference; fileEncoding = 4; lastKnownFileType = sourcecode.cpp.cpp; name = main.cpp; path = src/main.cpp; sourceTree = "<group>"; };
		7DCFE98D1D1E8AE000EDF7C3 /* Material.cpp */ = {isa = PBXFileReference; fileEncoding = 4; lastKnownFileType = sourcecode.cpp.cpp; name = Material.cpp; path = src/Material.cpp; sourceTree = "<group>"; };
		7DCFE98E1D1E8AE000EDF7C3 /* Matrix.cpp */ = {isa = PBXFileReference; fileEncoding = 4; lastKnownFileType = sourcecode.cpp.cpp; name = Matrix.cpp; path = src/Matrix.cpp; sourceTree = "<group>"; };
		7DCFE98F1D1E8AE000EDF7C3 /* Mesh.cpp */ = {isa = PBXFileReference; fileEncoding = 4; lastKnownFileType = sourcecode.cpp.cpp; name = Mesh.cpp; path = src/Mesh.cpp; sourceTree = "<group>"; };
		7DCFE9901D1E8AE000EDF7C3 /* MovableObject.cpp */ = {isa = PBXFileReference; fileEncoding = 4; lastKnownFileType = sourcecode.cpp.cpp; name = MovableObject.cpp; path = src/MovableObject.cpp; sourceTree = "<group>"; };
		7DCFE9911D1E8AE000EDF7C3 /* Node.cpp */ = {isa = PBXFileReference; fileEncoding = 4; lastKnownFileType = sourcecode.cpp.cpp; name = Node.cpp; path = src/Node.cpp; sourceTree = "<group>"; };
		7DCFE9921D1E8AE000EDF7C3 /* Object.cpp */ = {isa = PBXFileReference; fileEncoding = 4; lastKnownFileType = sourcecode.cpp.cpp; name = Object.cpp; path = src/Object.cpp; sourceTree = "<group>"; };
		7DCFE9931D1E8AE000EDF7C3 /* ObjLoader.cpp */ = {isa = PBXFileReference; fileEncoding = 4; lastKnownFileType = sourcecode.cpp.cpp; name = ObjLoader.cpp; path = src/ObjLoader.cpp; sourceTree = "<group>"; };
		7DCFE9941D1E8AE000EDF7C3 /* Plane.cpp */ = {isa = PBXFileReference; fileEncoding = 4; lastKnownFileType = sourcecode.cpp.cpp; name = Plane.cpp; path = src/Plane.cpp; sourceTree = "<group>"; };
		7DCFE9951D1E8AE000EDF7C3 /* Polygone.cpp */ = {isa = PBXFileReference; fileEncoding = 4; lastKnownFileType = sourcecode.cpp.cpp; name = Polygone.cpp; path = src/Polygone.cpp; sourceTree = "<group>"; };
		7DCFE9961D1E8AE000EDF7C3 /* Render.cpp */ = {isa = PBXFileReference; fileEncoding = 4; lastKnownFileType = sourcecode.cpp.cpp; name = Render.cpp; path = src/Render.cpp; sourceTree = "<group>"; };
		7DCFE9971D1E8AE000EDF7C3 /* Screen.cpp */ = {isa = PBXFileReference; fileEncoding = 4; lastKnownFileType = sourcecode.cpp.cpp; name = Screen.cpp; path = src/Screen.cpp; sourceTree = "<group>"; };
		7DCFE9981D1E8AE000EDF7C3 /* ScreenOpenCV.cpp */ = {isa = PBXFileReference; fileEncoding = 4; lastKnownFileType = sourcecode.cpp.cpp; name = ScreenOpenCV.cpp; path = src/ScreenOpenCV.cpp; sourceTree = "<group>"; };
		7DCFE9991D1E8AE000EDF7C3 /* ScreenSFML.cpp */ = {isa = PBXFileReference; fileEncoding = 4; lastKnownFileType = sourcecode.cpp.cpp; name = ScreenSFML.cpp; path = src/ScreenSFML.cpp; sourceTree = "<group>"; };
		7DCFE99A1D1E8AE000EDF7C3 /* Sphere.cpp */ = {isa = PBXFileReference; fileEncoding = 4; lastKnownFileType = sourcecode.cpp.cpp; name = Sphere.cpp; path = src/Sphere.cpp; sourceTree = "<group>"; };
		7DCFE99B1D1E8AE000EDF7C3 /* Vector4.cpp */ = {isa = PBXFileReference; fileEncoding = 4; lastKnownFileType = sourcecode.cpp.cpp; name = Vector4.cpp; path = src/Vector4.cpp; sourceTree = "<group>"; };
		7DCFE9B01D1E8AF900EDF7C3 /* Camera.h */ = {isa = PBXFileReference; fileEncoding = 4; lastKnownFileType = sourcecode.c.h; name = Camera.h; path = header/Camera.h; sourceTree = "<group>"; };
		7DCFE9B11D1E8AF900EDF7C3 /* Config.h */ = {isa = PBXFileReference; fileEncoding = 4; lastKnownFileType = sourcecode.c.h; name = Config.h; path = header/Config.h; sourceTree = "<group>"; };
		7DCFE9B21D1E8AF900EDF7C3 /* Cube.h */ = {isa = PBXFileReference; fileEncoding = 4; lastKnownFileType = sourcecode.c.h; name = Cube.h; path = header/Cube.h; sourceTree = "<group>"; };
		7DCFE9B31D1E8AF900EDF7C3 /* Entity.h */ = {isa = PBXFileReference; fileEncoding = 4; lastKnownFileType = sourcecode.c.h; name = Entity.h; path = header/Entity.h; sourceTree = "<group>"; };
		7DCFE9B41D1E8AF900EDF7C3 /* label.h */ = {isa = PBXFileReference; fileEncoding = 4; lastKnownFileType = sourcecode.c.h; name = label.h; path = header/label.h; sourceTree = "<group>"; };
		7DCFE9B51D1E8AF900EDF7C3 /* main.h */ = {isa = PBXFileReference; fileEncoding = 4; lastKnownFileType = sourcecode.c.h; name = main.h; path = header/main.h; sourceTree = "<group>"; };
		7DCFE9B61D1E8AF900EDF7C3 /* Material.h */ = {isa = PBXFileReference; fileEncoding = 4; lastKnownFileType = sourcecode.c.h; name = Material.h; path = header/Material.h; sourceTree = "<group>"; };
		7DCFE9B71D1E8AF900EDF7C3 /* Matrix.h */ = {isa = PBXFileReference; fileEncoding = 4; lastKnownFileType = sourcecode.c.h; name = Matrix.h; path = header/Matrix.h; sourceTree = "<group>"; };
		7DCFE9B81D1E8AF900EDF7C3 /* Mesh.h */ = {isa = PBXFileReference; fileEncoding = 4; lastKnownFileType = sourcecode.c.h; name = Mesh.h; path = header/Mesh.h; sourceTree = "<group>"; };
		7DCFE9B91D1E8AF900EDF7C3 /* MovableObject.h */ = {isa = PBXFileReference; fileEncoding = 4; lastKnownFileType = sourcecode.c.h; name = MovableObject.h; path = header/MovableObject.h; sourceTree = "<group>"; };
		7DCFE9BA1D1E8AF900EDF7C3 /* Node.h */ = {isa = PBXFileReference; fileEncoding = 4; lastKnownFileType = sourcecode.c.h; name = Node.h; path = header/Node.h; sourceTree = "<group>"; };
		7DCFE9BB1D1E8AF900EDF7C3 /* Object.h */ = {isa = PBXFileReference; fileEncoding = 4; lastKnownFileType = sourcecode.c.h; name = Object.h; path = header/Object.h; sourceTree = "<group>"; };
		7DCFE9BC1D1E8AF900EDF7C3 /* ObjLoader.h */ = {isa = PBXFileReference; fileEncoding = 4; lastKnownFileType = sourcecode.c.h; name = ObjLoader.h; path = header/ObjLoader.h; sourceTree = "<group>"; };
		7DCFE9BD1D1E8AF900EDF7C3 /* Plane.h */ = {isa = PBXFileReference; fileEncoding = 4; lastKnownFileType = sourcecode.c.h; name = Plane.h; path = header/Plane.h; sourceTree = "<group>"; };
		7DCFE9BE1D1E8AF900EDF7C3 /* Polygone.h */ = {isa = PBXFileReference; fileEncoding = 4; lastKnownFileType = sourcecode.c.h; name = Polygone.h; path = header/Polygone.h; sourceTree = "<group>"; };
		7DCFE9BF1D1E8AF900EDF7C3 /* Render.h */ = {isa = PBXFileReference; fileEncoding = 4; lastKnownFileType = sourcecode.c.h; name = Render.h; path = header/Render.h; sourceTree = "<group>"; };
		7DCFE9C01D1E8AF900EDF7C3 /* Screen.h */ = {isa = PBXFileReference; fileEncoding = 4; lastKnownFileType = sourcecode.c.h; name = Screen.h; path = header/Screen.h; sourceTree = "<group>"; };
		7DCFE9C11D1E8AF900EDF7C3 /* ScreenOpenCV.h */ = {isa = PBXFileReference; fileEncoding = 4; lastKnownFileType = sourcecode.c.h; name = ScreenOpenCV.h; path = header/ScreenOpenCV.h; sourceTree = "<group>"; };
		7DCFE9C21D1E8AF900EDF7C3 /* ScreenSFML.h */ = {isa = PBXFileReference; fileEncoding = 4; lastKnownFileType = sourcecode.c.h; name = ScreenSFML.h; path = header/ScreenSFML.h; sourceTree = "<group>"; };
		7DCFE9C31D1E8AF900EDF7C3 /* Sphere.h */ = {isa = PBXFileReference; fileEncoding = 4; lastKnownFileType = sourcecode.c.h; name = Sphere.h; path = header/Sphere.h; sourceTree = "<group>"; };
		7DCFE9C41D1E8AF900EDF7C3 /* Vector4.h */ = {isa = PBXFileReference; fileEncoding = 4; lastKnownFileType = sourcecode.c.h; name = Vector4.h; path = header/Vector4.h; sourceTree = "<group>"; };
/* End PBXFileReference section */

/* Begin PBXFrameworksBuildPhase section */
		7DCFE9341D1E82BD00EDF7C3 /* Frameworks */ = {
			isa = PBXFrameworksBuildPhase;
			buildActionMask = 2147483647;
			files = (
			);
			runOnlyForDeploymentPostprocessing = 0;
		};
/* End PBXFrameworksBuildPhase section */

/* Begin PBXGroup section */
		7DCFE92E1D1E82BD00EDF7C3 = {
			isa = PBXGroup;
			children = (
				7DCFE9381D1E82BD00EDF7C3 /* E3D_ENGINE_MAC */,
				7DCFE9371D1E82BD00EDF7C3 /* Products */,
			);
			sourceTree = "<group>";
		};
		7DCFE9371D1E82BD00EDF7C3 /* Products */ = {
			isa = PBXGroup;
			children = (
				7DCFE9361D1E82BD00EDF7C3 /* E3D_ENGINE_MAC */,
			);
			name = Products;
			sourceTree = "<group>";
		};
		7DCFE9381D1E82BD00EDF7C3 /* E3D_ENGINE_MAC */ = {
			isa = PBXGroup;
			children = (
				7DCFE9B01D1E8AF900EDF7C3 /* Camera.h */,
				7DCFE9B11D1E8AF900EDF7C3 /* Config.h */,
				7DCFE9B21D1E8AF900EDF7C3 /* Cube.h */,
				7DCFE9B31D1E8AF900EDF7C3 /* Entity.h */,
				7DCFE9B41D1E8AF900EDF7C3 /* label.h */,
				7DCFE9B51D1E8AF900EDF7C3 /* main.h */,
				7DCFE9B61D1E8AF900EDF7C3 /* Material.h */,
				7DCFE9B71D1E8AF900EDF7C3 /* Matrix.h */,
				7DCFE9B81D1E8AF900EDF7C3 /* Mesh.h */,
				7DCFE9B91D1E8AF900EDF7C3 /* MovableObject.h */,
				7DCFE9BA1D1E8AF900EDF7C3 /* Node.h */,
				7DCFE9BB1D1E8AF900EDF7C3 /* Object.h */,
				7DCFE9BC1D1E8AF900EDF7C3 /* ObjLoader.h */,
				7DCFE9BD1D1E8AF900EDF7C3 /* Plane.h */,
				7DCFE9BE1D1E8AF900EDF7C3 /* Polygone.h */,
				7DCFE9BF1D1E8AF900EDF7C3 /* Render.h */,
				7DCFE9C01D1E8AF900EDF7C3 /* Screen.h */,
				7DCFE9C11D1E8AF900EDF7C3 /* ScreenOpenCV.h */,
				7DCFE9C21D1E8AF900EDF7C3 /* ScreenSFML.h */,
				7DCFE9C31D1E8AF900EDF7C3 /* Sphere.h */,
				7DCFE9C41D1E8AF900EDF7C3 /* Vector4.h */,
				7DCFE9881D1E8AE000EDF7C3 /* Camera.cpp */,
				7DCFE9891D1E8AE000EDF7C3 /* Cube.cpp */,
				7DCFE98A1D1E8AE000EDF7C3 /* Entity.cpp */,
				7DCFE98B1D1E8AE000EDF7C3 /* label.cpp */,
				7DCFE98C1D1E8AE000EDF7C3 /* main.cpp */,
				7DCFE98D1D1E8AE000EDF7C3 /* Material.cpp */,
				7DCFE98E1D1E8AE000EDF7C3 /* Matrix.cpp */,
				7DCFE98F1D1E8AE000EDF7C3 /* Mesh.cpp */,
				7DCFE9901D1E8AE000EDF7C3 /* MovableObject.cpp */,
				7DCFE9911D1E8AE000EDF7C3 /* Node.cpp */,
				7DCFE9921D1E8AE000EDF7C3 /* Object.cpp */,
				7DCFE9931D1E8AE000EDF7C3 /* ObjLoader.cpp */,
				7DCFE9941D1E8AE000EDF7C3 /* Plane.cpp */,
				7DCFE9951D1E8AE000EDF7C3 /* Polygone.cpp */,
				7DCFE9961D1E8AE000EDF7C3 /* Render.cpp */,
				7DCFE9971D1E8AE000EDF7C3 /* Screen.cpp */,
				7DCFE9981D1E8AE000EDF7C3 /* ScreenOpenCV.cpp */,
				7DCFE9991D1E8AE000EDF7C3 /* ScreenSFML.cpp */,
				7DCFE99A1D1E8AE000EDF7C3 /* Sphere.cpp */,
				7DCFE99B1D1E8AE000EDF7C3 /* Vector4.cpp */,
				7DCFE9871D1E8A8700EDF7C3 /* rsc */,
				7DCFE9861D1E8A7900EDF7C3 /* header */,
				7DCFE9851D1E8A6900EDF7C3 /* src */,
			);
			path = E3D_ENGINE_MAC;
			sourceTree = "<group>";
		};
/* End PBXGroup section */

/* Begin PBXNativeTarget section */
		7DCFE9351D1E82BD00EDF7C3 /* E3D_ENGINE_MAC */ = {
			isa = PBXNativeTarget;
			buildConfigurationList = 7DCFE9421D1E82BD00EDF7C3 /* Build configuration list for PBXNativeTarget "E3D_ENGINE_MAC" */;
			buildPhases = (
				7DCFE9331D1E82BD00EDF7C3 /* Sources */,
				7DCFE9341D1E82BD00EDF7C3 /* Frameworks */,
			);
			buildRules = (
			);
			dependencies = (
			);
			name = E3D_ENGINE_MAC;
			productName = E3D_ENGINE_MAC;
			productReference = 7DCFE9361D1E82BD00EDF7C3 /* E3D_ENGINE_MAC */;
			productType = "com.apple.product-type.tool";
		};
/* End PBXNativeTarget section */

/* Begin PBXProject section */
		7DCFE92F1D1E82BD00EDF7C3 /* Project object */ = {
			isa = PBXProject;
			attributes = {
				LastUpgradeCheck = 0730;
				ORGANIZATIONNAME = __E3D_ENGINE__;
				TargetAttributes = {
					7DCFE9351D1E82BD00EDF7C3 = {
						CreatedOnToolsVersion = 7.3;
					};
				};
			};
			buildConfigurationList = 7DCFE9321D1E82BD00EDF7C3 /* Build configuration list for PBXProject "E3D_ENGINE_MAC" */;
			compatibilityVersion = "Xcode 3.2";
			developmentRegion = English;
			hasScannedForEncodings = 0;
			knownRegions = (
				en,
			);
			mainGroup = 7DCFE92E1D1E82BD00EDF7C3;
			productRefGroup = 7DCFE9371D1E82BD00EDF7C3 /* Products */;
			projectDirPath = "";
			projectRoot = "";
			targets = (
				7DCFE9351D1E82BD00EDF7C3 /* E3D_ENGINE_MAC */,
			);
		};
/* End PBXProject section */

/* Begin PBXSourcesBuildPhase section */
		7DCFE9331D1E82BD00EDF7C3 /* Sources */ = {
			isa = PBXSourcesBuildPhase;
			buildActionMask = 2147483647;
			files = (
				7DCFE9A21D1E8AE000EDF7C3 /* Matrix.cpp in Sources */,
				7DCFE99D1D1E8AE000EDF7C3 /* Cube.cpp in Sources */,
				7DCFE9A81D1E8AE000EDF7C3 /* Plane.cpp in Sources */,
				7DCFE9A61D1E8AE000EDF7C3 /* Object.cpp in Sources */,
				7DCFE99E1D1E8AE000EDF7C3 /* Entity.cpp in Sources */,
				7DCFE9A11D1E8AE000EDF7C3 /* Material.cpp in Sources */,
				7DCFE99F1D1E8AE000EDF7C3 /* label.cpp in Sources */,
				7DCFE9A01D1E8AE000EDF7C3 /* main.cpp in Sources */,
				7DCFE9A91D1E8AE000EDF7C3 /* Polygone.cpp in Sources */,
				7DCFE9A41D1E8AE000EDF7C3 /* MovableObject.cpp in Sources */,
				7DCFE9A71D1E8AE000EDF7C3 /* ObjLoader.cpp in Sources */,
				7DCFE9AC1D1E8AE000EDF7C3 /* ScreenOpenCV.cpp in Sources */,
				7DCFE9AB1D1E8AE000EDF7C3 /* Screen.cpp in Sources */,
				7DCFE9A31D1E8AE000EDF7C3 /* Mesh.cpp in Sources */,
				7DCFE9AE1D1E8AE000EDF7C3 /* Sphere.cpp in Sources */,
				7DCFE9AF1D1E8AE000EDF7C3 /* Vector4.cpp in Sources */,
				7DCFE99C1D1E8AE000EDF7C3 /* Camera.cpp in Sources */,
				7DCFE9AA1D1E8AE000EDF7C3 /* Render.cpp in Sources */,
				7DCFE9A51D1E8AE000EDF7C3 /* Node.cpp in Sources */,
				7DCFE9AD1D1E8AE000EDF7C3 /* ScreenSFML.cpp in Sources */,
			);
			runOnlyForDeploymentPostprocessing = 0;
		};
/* End PBXSourcesBuildPhase section */

/* Begin XCBuildConfiguration section */
		7DCFE9401D1E82BD00EDF7C3 /* Debug */ = {
			isa = XCBuildConfiguration;
			buildSettings = {
				ARCHS = (
					i386,
					x86_64,
				);
				CLANG_CXX_LANGUAGE_STANDARD = "c++0x";
				CLANG_CXX_LIBRARY = "libc++";
				FRAMEWORK_SEARCH_PATHS = (
					/Library/Frameworks/,
					"$(inherited)",
				);
				GCC_VERSION = com.apple.compilers.llvm.clang.1_0;
				HEADER_SEARCH_PATHS = (
					/usr/local/include/,
					"$(inherited)",
				);
				LIBRARY_SEARCH_PATHS = (
					/usr/local/lib/,
					"$(inherited)",
				);
				MACOSX_DEPLOYMENT_TARGET = 10.7;
				OTHER_LDFLAGS = (
					"$(inherited)",
					"$(SFML_SYSTEM)",
					"$(SFML_WINDOW)",
					"$(SFML_GRAPHICS)",
					"$(SFML_AUDIO)",
					"$(SFML_NETWORK)",
				);
				SFML_AUDIO = "$(SFML_LINK_PREFIX) sfml-audio$(SFML_LINK_SUFFIX)";
				SFML_BINARY_TYPE = FRAMEWORKS;
				SFML_GRAPHICS = "$(SFML_LINK_PREFIX) sfml-graphics$(SFML_LINK_SUFFIX)";
				SFML_LINK_DYLIBS_PREFIX = "-l";
				SFML_LINK_DYLIBS_SUFFIX = "";
				SFML_LINK_FRAMEWORKS_PREFIX = "-framework";
				SFML_LINK_FRAMEWORKS_SUFFIX = "";
				SFML_LINK_PREFIX = "$(SFML_LINK_$(SFML_BINARY_TYPE)_PREFIX)";
				SFML_LINK_SUFFIX = "$(SFML_LINK_$(SFML_BINARY_TYPE)_SUFFIX)";
				SFML_NETWORK = "$(SFML_LINK_PREFIX) sfml-network$(SFML_LINK_SUFFIX)";
				SFML_SYSTEM = "$(SFML_LINK_PREFIX) sfml-system$(SFML_LINK_SUFFIX)";
				SFML_WINDOW = "$(SFML_LINK_PREFIX) sfml-window$(SFML_LINK_SUFFIX)";
				SUPPORTED_PLATFORMS = macosx;
			};
			name = Debug;
		};
		7DCFE9411D1E82BD00EDF7C3 /* Release */ = {
			isa = XCBuildConfiguration;
			buildSettings = {
				ARCHS = (
					i386,
					x86_64,
				);
				CLANG_CXX_LANGUAGE_STANDARD = "c++0x";
				CLANG_CXX_LIBRARY = "libc++";
				FRAMEWORK_SEARCH_PATHS = (
					/Library/Frameworks/,
					"$(inherited)",
				);
				GCC_VERSION = com.apple.compilers.llvm.clang.1_0;
				HEADER_SEARCH_PATHS = (
					/usr/local/include/,
					"$(inherited)",
				);
				LIBRARY_SEARCH_PATHS = (
					/usr/local/lib/,
					"$(inherited)",
				);
				MACOSX_DEPLOYMENT_TARGET = 10.7;
				OTHER_LDFLAGS = (
					"$(inherited)",
					"$(SFML_SYSTEM)",
					"$(SFML_WINDOW)",
					"$(SFML_GRAPHICS)",
					"$(SFML_AUDIO)",
					"$(SFML_NETWORK)",
				);
				SFML_AUDIO = "$(SFML_LINK_PREFIX) sfml-audio$(SFML_LINK_SUFFIX)";
				SFML_BINARY_TYPE = FRAMEWORKS;
				SFML_GRAPHICS = "$(SFML_LINK_PREFIX) sfml-graphics$(SFML_LINK_SUFFIX)";
				SFML_LINK_DYLIBS_PREFIX = "-l";
				SFML_LINK_DYLIBS_SUFFIX = "";
				SFML_LINK_FRAMEWORKS_PREFIX = "-framework";
				SFML_LINK_FRAMEWORKS_SUFFIX = "";
				SFML_LINK_PREFIX = "$(SFML_LINK_$(SFML_BINARY_TYPE)_PREFIX)";
				SFML_LINK_SUFFIX = "$(SFML_LINK_$(SFML_BINARY_TYPE)_SUFFIX)";
				SFML_NETWORK = "$(SFML_LINK_PREFIX) sfml-network$(SFML_LINK_SUFFIX)";
				SFML_SYSTEM = "$(SFML_LINK_PREFIX) sfml-system$(SFML_LINK_SUFFIX)";
				SFML_WINDOW = "$(SFML_LINK_PREFIX) sfml-window$(SFML_LINK_SUFFIX)";
				SUPPORTED_PLATFORMS = macosx;
			};
			name = Release;
		};
		7DCFE9431D1E82BD00EDF7C3 /* Debug */ = {
			isa = XCBuildConfiguration;
			buildSettings = {
				PRODUCT_NAME = "$(TARGET_NAME)";
			};
			name = Debug;
		};
		7DCFE9441D1E82BD00EDF7C3 /* Release */ = {
			isa = XCBuildConfiguration;
			buildSettings = {
				PRODUCT_NAME = "$(TARGET_NAME)";
			};
			name = Release;
		};
/* End XCBuildConfiguration section */

/* Begin XCConfigurationList section */
		7DCFE9321D1E82BD00EDF7C3 /* Build configuration list for PBXProject "E3D_ENGINE_MAC" */ = {
			isa = XCConfigurationList;
			buildConfigurations = (
				7DCFE9401D1E82BD00EDF7C3 /* Debug */,
				7DCFE9411D1E82BD00EDF7C3 /* Release */,
			);
			defaultConfigurationIsVisible = 0;
			defaultConfigurationName = Release;
		};
		7DCFE9421D1E82BD00EDF7C3 /* Build configuration list for PBXNativeTarget "E3D_ENGINE_MAC" */ = {
			isa = XCConfigurationList;
			buildConfigurations = (
				7DCFE9431D1E82BD00EDF7C3 /* Debug */,
				7DCFE9441D1E82BD00EDF7C3 /* Release */,
			);
			defaultConfigurationIsVisible = 0;
		};
/* End XCConfigurationList section */
	};
	rootObject = 7DCFE92F1D1E82BD00EDF7C3 /* Project object */;
}
